
Microsoft Visual Studio Solution File, Format Version 12.00
# Visual Studio 15
VisualStudioVersion = 15.0.27703.2035
MinimumVisualStudioVersion = 10.0.40219.1
Project("{FAE04EC0-301F-11D3-BF4B-00C04F79EFBC}") = "TestServiceApp", "TestServiceApp\TestServiceApp.csproj", "{FBC03B6E-2BDD-4FBD-A6FF-345FB20254EC}"
EndProject
Project("{FAE04EC0-301F-11D3-BF4B-00C04F79EFBC}") = "ParsejasonApp", "ParsejasonApp\ParsejasonApp.csproj", "{F039E1FB-0280-49EE-AF49-BE60890A95CB}"
EndProject
Global
	GlobalSection(SolutionConfigurationPlatforms) = preSolution
		Debug|Any CPU = Debug|Any CPU
		Release|Any CPU = Release|Any CPU
	EndGlobalSection
	GlobalSection(ProjectConfigurationPlatforms) = postSolution
		{FBC03B6E-2BDD-4FBD-A6FF-345FB20254EC}.Debug|Any CPU.ActiveCfg = Debug|Any CPU
		{FBC03B6E-2BDD-4FBD-A6FF-345FB20254EC}.Debug|Any CPU.Build.0 = Debug|Any CPU
		{FBC03B6E-2BDD-4FBD-A6FF-345FB20254EC}.Release|Any CPU.ActiveCfg = Release|Any CPU
		{FBC03B6E-2BDD-4FBD-A6FF-345FB20254EC}.Release|Any CPU.Build.0 = Release|Any CPU
		{F039E1FB-0280-49EE-AF49-BE60890A95CB}.Debug|Any CPU.ActiveCfg = Debug|Any CPU
		{F039E1FB-0280-49EE-AF49-BE60890A95CB}.Debug|Any CPU.Build.0 = Debug|Any CPU
		{F039E1FB-0280-49EE-AF49-BE60890A95CB}.Release|Any CPU.ActiveCfg = Release|Any CPU
		{F039E1FB-0280-49EE-AF49-BE60890A95CB}.Release|Any CPU.Build.0 = Release|Any CPU
	EndGlobalSection
	GlobalSection(SolutionProperties) = preSolution
		HideSolutionNode = FALSE
	EndGlobalSection
	GlobalSection(ExtensibilityGlobals) = postSolution
		SolutionGuid = {FE524304-5F78-4C2D-83EE-3206C2A5E0E4}
	EndGlobalSection
EndGlobal
